// !$*UTF8*$!
{
	archiveVersion = 1;
	classes = {
	};
	objectVersion = 50;
	objects = {

/* Begin PBXBuildFile section */
		52C0866D24B89126007555D6 /* AppDelegate.swift in Sources */ = {isa = PBXBuildFile; fileRef = 52C0866C24B89126007555D6 /* AppDelegate.swift */; };
		52C0866F24B89126007555D6 /* SceneDelegate.swift in Sources */ = {isa = PBXBuildFile; fileRef = 52C0866E24B89126007555D6 /* SceneDelegate.swift */; };
		52C0867124B89126007555D6 /* ContentView.swift in Sources */ = {isa = PBXBuildFile; fileRef = 52C0867024B89126007555D6 /* ContentView.swift */; };
		52C0867324B89127007555D6 /* Assets.xcassets in Resources */ = {isa = PBXBuildFile; fileRef = 52C0867224B89127007555D6 /* Assets.xcassets */; };
		52C0867624B89127007555D6 /* Preview Assets.xcassets in Resources */ = {isa = PBXBuildFile; fileRef = 52C0867524B89127007555D6 /* Preview Assets.xcassets */; };
		52C0867924B89127007555D6 /* LaunchScreen.storyboard in Resources */ = {isa = PBXBuildFile; fileRef = 52C0867724B89127007555D6 /* LaunchScreen.storyboard */; };
/* End PBXBuildFile section */

/* Begin PBXFileReference section */
		52C0866924B89126007555D6 /* MEMORIZE.app */ = {isa = PBXFileReference; explicitFileType = wrapper.application; includeInIndex = 0; path = MEMORIZE.app; sourceTree = BUILT_PRODUCTS_DIR; };
		52C0866C24B89126007555D6 /* AppDelegate.swift */ = {isa = PBXFileReference; lastKnownFileType = sourcecode.swift; path = AppDelegate.swift; sourceTree = "<group>"; };
		52C0866E24B89126007555D6 /* SceneDelegate.swift */ = {isa = PBXFileReference; lastKnownFileType = sourcecode.swift; path = SceneDelegate.swift; sourceTree = "<group>"; };
		52C0867024B89126007555D6 /* ContentView.swift */ = {isa = PBXFileReference; lastKnownFileType = sourcecode.swift; path = ContentView.swift; sourceTree = "<group>"; };
		52C0867224B89127007555D6 /* Assets.xcassets */ = {isa = PBXFileReference; lastKnownFileType = folder.assetcatalog; path = Assets.xcassets; sourceTree = "<group>"; };
		52C0867524B89127007555D6 /* Preview Assets.xcassets */ = {isa = PBXFileReference; lastKnownFileType = folder.assetcatalog; path = "Preview Assets.xcassets"; sourceTree = "<group>"; };
		52C0867824B89127007555D6 /* Base */ = {isa = PBXFileReference; lastKnownFileType = file.storyboard; name = Base; path = Base.lproj/LaunchScreen.storyboard; sourceTree = "<group>"; };
		52C0867A24B89127007555D6 /* Info.plist */ = {isa = PBXFileReference; lastKnownFileType = text.plist.xml; path = Info.plist; sourceTree = "<group>"; };
/* End PBXFileReference section */

/* Begin PBXFrameworksBuildPhase section */
		52C0866624B89126007555D6 /* Frameworks */ = {
			isa = PBXFrameworksBuildPhase;
			buildActionMask = 2147483647;
			files = (
			);
			runOnlyForDeploymentPostprocessing = 0;
		};
/* End PBXFrameworksBuildPhase section */

/* Begin PBXGroup section */
		52C0866024B89126007555D6 = {
			isa = PBXGroup;
			children = (
				52C0866B24B89126007555D6 /* MEMORIZE */,
				52C0866A24B89126007555D6 /* Products */,
			);
			sourceTree = "<group>";
		};
		52C0866A24B89126007555D6 /* Products */ = {
			isa = PBXGroup;
			children = (
				52C0866924B89126007555D6 /* MEMORIZE.app */,
			);
			name = Products;
			sourceTree = "<group>";
		};
		52C0866B24B89126007555D6 /* MEMORIZE */ = {
			isa = PBXGroup;
			children = (
				52C0866C24B89126007555D6 /* AppDelegate.swift */,
				52C0866E24B89126007555D6 /* SceneDelegate.swift */,
				52C0867024B89126007555D6 /* ContentView.swift */,
				52C0867224B89127007555D6 /* Assets.xcassets */,
				52C0867724B89127007555D6 /* LaunchScreen.storyboard */,
				52C0867A24B89127007555D6 /* Info.plist */,
				52C0867424B89127007555D6 /* Preview Content */,
			);
			path = MEMORIZE;
			sourceTree = "<group>";
		};
		52C0867424B89127007555D6 /* Preview Content */ = {
			isa = PBXGroup;
			children = (
				52C0867524B89127007555D6 /* Preview Assets.xcassets */,
			);
			path = "Preview Content";
			sourceTree = "<group>";
		};
/* End PBXGroup section */

/* Begin PBXNativeTarget section */
		52C0866824B89126007555D6 /* MEMORIZE */ = {
			isa = PBXNativeTarget;
			buildConfigurationList = 52C0867D24B89127007555D6 /* Build configuration list for PBXNativeTarget "MEMORIZE" */;
			buildPhases = (
				52C0866524B89126007555D6 /* Sources */,
				52C0866624B89126007555D6 /* Frameworks */,
				52C0866724B89126007555D6 /* Resources */,
			);
			buildRules = (
			);
			dependencies = (
			);
			name = MEMORIZE;
			productName = MEMORIZE;
			productReference = 52C0866924B89126007555D6 /* MEMORIZE.app */;
			productType = "com.apple.product-type.application";
		};
/* End PBXNativeTarget section */

/* Begin PBXProject section */
		52C0866124B89126007555D6 /* Project object */ = {
			isa = PBXProject;
			attributes = {
				LastSwiftUpdateCheck = 1150;
				LastUpgradeCheck = 1150;
				ORGANIZATIONNAME = "SETH VERNON";
				TargetAttributes = {
					52C0866824B89126007555D6 = {
						CreatedOnToolsVersion = 11.5;
					};
				};
			};
			buildConfigurationList = 52C0866424B89126007555D6 /* Build configuration list for PBXProject "MEMORIZE" */;
			compatibilityVersion = "Xcode 9.3";
			developmentRegion = en;
			hasScannedForEncodings = 0;
			knownRegions = (
				en,
				Base,
			);
			mainGroup = 52C0866024B89126007555D6;
			productRefGroup = 52C0866A24B89126007555D6 /* Products */;
			projectDirPath = "";
			projectRoot = "";
			targets = (
				52C0866824B89126007555D6 /* MEMORIZE */,
			);
		};
/* End PBXProject section */

/* Begin PBXResourcesBuildPhase section */
		52C0866724B89126007555D6 /* Resources */ = {
			isa = PBXResourcesBuildPhase;
			buildActionMask = 2147483647;
			files = (
				52C0867924B89127007555D6 /* LaunchScreen.storyboard in Resources */,
				52C0867624B89127007555D6 /* Preview Assets.xcassets in Resources */,
				52C0867324B89127007555D6 /* Assets.xcassets in Resources */,
			);
			runOnlyForDeploymentPostprocessing = 0;
		};
/* End PBXResourcesBuildPhase section */

/* Begin PBXSourcesBuildPhase section */
		52C0866524B89126007555D6 /* Sources */ = {
			isa = PBXSourcesBuildPhase;
			buildActionMask = 2147483647;
			files = (
				52C0866D24B89126007555D6 /* AppDelegate.swift in Sources */,
				52C0866F24B89126007555D6 /* SceneDelegate.swift in Sources */,
				52C0867124B89126007555D6 /* ContentView.swift in Sources */,
			);
			runOnlyForDeploymentPostprocessing = 0;
		};
/* End PBXSourcesBuildPhase section */

/* Begin PBXVariantGroup section */
		52C0867724B89127007555D6 /* LaunchScreen.storyboard */ = {
			isa = PBXVariantGroup;
			children = (
				52C0867824B89127007555D6 /* Base */,
			);
			name = LaunchScreen.storyboard;
			sourceTree = "<group>";
		};
/* End PBXVariantGroup section */

/* Begin XCBuildConfiguration section */
		52C0867B24B89127007555D6 /* Debug */ = {
			isa = XCBuildConfiguration;
			buildSettings = {
				ALWAYS_SEARCH_USER_PATHS = NO;
				CLANG_ANALYZER_NONNULL = YES;
				CLANG_ANALYZER_NUMBER_OBJECT_CONVERSION = YES_AGGRESSIVE;
				CLANG_CXX_LANGUAGE_STANDARD = "gnu++14";
				CLANG_CXX_LIBRARY = "libc++";
				CLANG_ENABLE_MODULES = YES;
				CLANG_ENABLE_OBJC_ARC = YES;
				CLANG_ENABLE_OBJC_WEAK = YES;
				CLANG_WARN_BLOCK_CAPTURE_AUTORELEASING = YES;
				CLANG_WARN_BOOL_CONVERSION = YES;
				CLANG_WARN_COMMA = YES;
				CLANG_WARN_CONSTANT_CONVERSION = YES;
				CLANG_WARN_DEPRECATED_OBJC_IMPLEMENTATIONS = YES;
				CLANG_WARN_DIRECT_OBJC_ISA_USAGE = YES_ERROR;
				CLANG_WARN_DOCUMENTATION_COMMENTS = YES;
				CLANG_WARN_EMPTY_BODY = YES;
				CLANG_WARN_ENUM_CONVERSION = YES;
				CLANG_WARN_INFINITE_RECURSION = YES;
				CLANG_WARN_INT_CONVERSION = YES;
				CLANG_WARN_NON_LITERAL_NULL_CONVERSION = YES;
				CLANG_WARN_OBJC_IMPLICIT_RETAIN_SELF = YES;
				CLANG_WARN_OBJC_LITERAL_CONVERSION = YES;
				CLANG_WARN_OBJC_ROOT_CLASS = YES_ERROR;
				CLANG_WARN_RANGE_LOOP_ANALYSIS = YES;
				CLANG_WARN_STRICT_PROTOTYPES = YES;
				CLANG_WARN_SUSPICIOUS_MOVE = YES;
				CLANG_WARN_UNGUARDED_AVAILABILITY = YES_AGGRESSIVE;
				CLANG_WARN_UNREACHABLE_CODE = YES;
				CLANG_WARN__DUPLICATE_METHOD_MATCH = YES;
				COPY_PHASE_STRIP = NO;
				DEBUG_INFORMATION_FORMAT = dwarf;
				ENABLE_STRICT_OBJC_MSGSEND = YES;
				ENABLE_TESTABILITY = YES;
				GCC_C_LANGUAGE_STANDARD = gnu11;
				GCC_DYNAMIC_NO_PIC = NO;
				GCC_NO_COMMON_BLOCKS = YES;
				GCC_OPTIMIZATION_LEVEL = 0;
				GCC_PREPROCESSOR_DEFINITIONS = (
					"DEBUG=1",
					"$(inherited)",
				);
				GCC_WARN_64_TO_32_BIT_CONVERSION = YES;
				GCC_WARN_ABOUT_RETURN_TYPE = YES_ERROR;
				GCC_WARN_UNDECLARED_SELECTOR = YES;
				GCC_WARN_UNINITIALIZED_AUTOS = YES_AGGRESSIVE;
				GCC_WARN_UNUSED_FUNCTION = YES;
				GCC_WARN_UNUSED_VARIABLE = YES;
				IPHONEOS_DEPLOYMENT_TARGET = 13.5;
				MTL_ENABLE_DEBUG_INFO = INCLUDE_SOURCE;
				MTL_FAST_MATH = YES;
				ONLY_ACTIVE_ARCH = YES;
				SDKROOT = iphoneos;
				SWIFT_ACTIVE_COMPILATION_CONDITIONS = DEBUG;
				SWIFT_OPTIMIZATION_LEVEL = "-Onone";
			};
			name = Debug;
		};
		52C0867C24B89127007555D6 /* Release */ = {
			isa = XCBuildConfiguration;
			buildSettings = {
				ALWAYS_SEARCH_USER_PATHS = NO;
				CLANG_ANALYZER_NONNULL = YES;
				CLANG_ANALYZER_NUMBER_OBJECT_CONVERSION = YES_AGGRESSIVE;
				CLANG_CXX_LANGUAGE_STANDARD = "gnu++14";
				CLANG_CXX_LIBRARY = "libc++";
				CLANG_ENABLE_MODULES = YES;
				CLANG_ENABLE_OBJC_ARC = YES;
				CLANG_ENABLE_OBJC_WEAK = YES;
				CLANG_WARN_BLOCK_CAPTURE_AUTORELEASING = YES;
				CLANG_WARN_BOOL_CONVERSION = YES;
				CLANG_WARN_COMMA = YES;
				CLANG_WARN_CONSTANT_CONVERSION = YES;
				CLANG_WARN_DEPRECATED_OBJC_IMPLEMENTATIONS = YES;
				CLANG_WARN_DIRECT_OBJC_ISA_USAGE = YES_ERROR;
				CLANG_WARN_DOCUMENTATION_COMMENTS = YES;
				CLANG_WARN_EMPTY_BODY = YES;
				CLANG_WARN_ENUM_CONVERSION = YES;
				CLANG_WARN_INFINITE_RECURSION = YES;
				CLANG_WARN_INT_CONVERSION = YES;
				CLANG_WARN_NON_LITERAL_NULL_CONVERSION = YES;
				CLANG_WARN_OBJC_IMPLICIT_RETAIN_SELF = YES;
				CLANG_WARN_OBJC_LITERAL_CONVERSION = YES;
				CLANG_WARN_OBJC_ROOT_CLASS = YES_ERROR;
				CLANG_WARN_RANGE_LOOP_ANALYSIS = YES;
				CLANG_WARN_STRICT_PROTOTYPES = YES;
				CLANG_WARN_SUSPICIOUS_MOVE = YES;
				CLANG_WARN_UNGUARDED_AVAILABILITY = YES_AGGRESSIVE;
				CLANG_WARN_UNREACHABLE_CODE = YES;
				CLANG_WARN__DUPLICATE_METHOD_MATCH = YES;
				COPY_PHASE_STRIP = NO;
				DEBUG_INFORMATION_FORMAT = "dwarf-with-dsym";
				ENABLE_NS_ASSERTIONS = NO;
				ENABLE_STRICT_OBJC_MSGSEND = YES;
				GCC_C_LANGUAGE_STANDARD = gnu11;
				GCC_NO_COMMON_BLOCKS = YES;
				GCC_WARN_64_TO_32_BIT_CONVERSION = YES;
				GCC_WARN_ABOUT_RETURN_TYPE = YES_ERROR;
				GCC_WARN_UNDECLARED_SELECTOR = YES;
				GCC_WARN_UNINITIALIZED_AUTOS = YES_AGGRESSIVE;
				GCC_WARN_UNUSED_FUNCTION = YES;
				GCC_WARN_UNUSED_VARIABLE = YES;
				IPHONEOS_DEPLOYMENT_TARGET = 13.5;
				MTL_ENABLE_DEBUG_INFO = NO;
				MTL_FAST_MATH = YES;
				SDKROOT = iphoneos;
				SWIFT_COMPILATION_MODE = wholemodule;
				SWIFT_OPTIMIZATION_LEVEL = "-O";
				VALIDATE_PRODUCT = YES;
			};
			name = Release;
		};
		52C0867E24B89127007555D6 /* Debug */ = {
			isa = XCBuildConfiguration;
			buildSettings = {
				ASSETCATALOG_COMPILER_APPICON_NAME = AppIcon;
				CODE_SIGN_STYLE = Automatic;
				DEVELOPMENT_ASSET_PATHS = "\"MEMORIZE/Preview Content\"";
				DEVELOPMENT_TEAM = Q2N35F35FC;
				ENABLE_PREVIEWS = YES;
				INFOPLIST_FILE = MEMORIZE/Info.plist;
				LD_RUNPATH_SEARCH_PATHS = (
					"$(inherited)",
					"@executable_path/Frameworks",
				);
				PRODUCT_BUNDLE_IDENTIFIER = com.sethvernon.MEMORIZE;
				PRODUCT_NAME = "$(TARGET_NAME)";
				SWIFT_VERSION = 5.0;
				TARGETED_DEVICE_FAMILY = "1,2";
			};
			name = Debug;
		};
		52C0867F24B89127007555D6 /* Release */ = {
			isa = XCBuildConfiguration;
			buildSettings = {
				ASSETCATALOG_COMPILER_APPICON_NAME = AppIcon;
				CODE_SIGN_STYLE = Automatic;
				DEVELOPMENT_ASSET_PATHS = "\"MEMORIZE/Preview Content\"";
				DEVELOPMENT_TEAM = Q2N35F35FC;
				ENABLE_PREVIEWS = YES;
				INFOPLIST_FILE = MEMORIZE/Info.plist;
				LD_RUNPATH_SEARCH_PATHS = (
					"$(inherited)",
					"@executable_path/Frameworks",
				);
				PRODUCT_BUNDLE_IDENTIFIER = com.sethvernon.MEMORIZE;
				PRODUCT_NAME = "$(TARGET_NAME)";
				SWIFT_VERSION = 5.0;
				TARGETED_DEVICE_FAMILY = "1,2";
			};
			name = Release;
		};
/* End XCBuildConfiguration section */

/* Begin XCConfigurationList section */
		52C0866424B89126007555D6 /* Build configuration list for PBXProject "MEMORIZE" */ = {
			isa = XCConfigurationList;
			buildConfigurations = (
				52C0867B24B89127007555D6 /* Debug */,
				52C0867C24B89127007555D6 /* Release */,
			);
			defaultConfigurationIsVisible = 0;
			defaultConfigurationName = Release;
		};
		52C0867D24B89127007555D6 /* Build configuration list for PBXNativeTarget "MEMORIZE" */ = {
			isa = XCConfigurationList;
			buildConfigurations = (
				52C0867E24B89127007555D6 /* Debug */,
				52C0867F24B89127007555D6 /* Release */,
			);
			defaultConfigurationIsVisible = 0;
			defaultConfigurationName = Release;
		};
/* End XCConfigurationList section */
	};
	rootObject = 52C0866124B89126007555D6 /* Project object */;
}
